
Microsoft Visual Studio Solution File, Format Version 12.00
# Visual Studio 15
VisualStudioVersion = 15.0.28010.2019
MinimumVisualStudioVersion = 10.0.40219.1
Project("{FAE04EC0-301F-11D3-BF4B-00C04F79EFBC}") = "TestAppX2.Android", "TestAppX2\TestAppX2.Android\TestAppX2.Android.csproj", "{F2539A28-005E-4042-897D-FA646E8E5CA7}"
EndProject
Project("{FAE04EC0-301F-11D3-BF4B-00C04F79EFBC}") = "TestAppX2.iOS", "TestAppX2\TestAppX2.iOS\TestAppX2.iOS.csproj", "{E46519AF-ABBA-4411-91B3-6A3C1DD02E3F}"
EndProject
Project("{FAE04EC0-301F-11D3-BF4B-00C04F79EFBC}") = "TestAppX2.UWP", "TestAppX2\TestAppX2.UWP\TestAppX2.UWP.csproj", "{66C8DA41-2DCC-4CDB-AA32-836DCA60F7A4}"
EndProject
Project("{FAE04EC0-301F-11D3-BF4B-00C04F79EFBC}") = "TestAppX2", "TestAppX2\TestAppX2\TestAppX2.csproj", "{4140003B-AEDE-466B-BB4D-429769DE3C62}"
EndProject
Global
	GlobalSection(SolutionConfigurationPlatforms) = preSolution
		Ad-Hoc|Any CPU = Ad-Hoc|Any CPU
		Ad-Hoc|ARM = Ad-Hoc|ARM
		Ad-Hoc|iPhone = Ad-Hoc|iPhone
		Ad-Hoc|iPhoneSimulator = Ad-Hoc|iPhoneSimulator
		Ad-Hoc|x64 = Ad-Hoc|x64
		Ad-Hoc|x86 = Ad-Hoc|x86
		AppStore|Any CPU = AppStore|Any CPU
		AppStore|ARM = AppStore|ARM
		AppStore|iPhone = AppStore|iPhone
		AppStore|iPhoneSimulator = AppStore|iPhoneSimulator
		AppStore|x64 = AppStore|x64
		AppStore|x86 = AppStore|x86
		Debug|Any CPU = Debug|Any CPU
		Debug|ARM = Debug|ARM
		Debug|iPhone = Debug|iPhone
		Debug|iPhoneSimulator = Debug|iPhoneSimulator
		Debug|x64 = Debug|x64
		Debug|x86 = Debug|x86
		Release|Any CPU = Release|Any CPU
		Release|ARM = Release|ARM
		Release|iPhone = Release|iPhone
		Release|iPhoneSimulator = Release|iPhoneSimulator
		Release|x64 = Release|x64
		Release|x86 = Release|x86
	EndGlobalSection
	GlobalSection(ProjectConfigurationPlatforms) = postSolution
		{F2539A28-005E-4042-897D-FA646E8E5CA7}.Ad-Hoc|Any CPU.ActiveCfg = Release|Any CPU
		{F2539A28-005E-4042-897D-FA646E8E5CA7}.Ad-Hoc|Any CPU.Build.0 = Release|Any CPU
		{F2539A28-005E-4042-897D-FA646E8E5CA7}.Ad-Hoc|Any CPU.Deploy.0 = Release|Any CPU
		{F2539A28-005E-4042-897D-FA646E8E5CA7}.Ad-Hoc|ARM.ActiveCfg = Release|Any CPU
		{F2539A28-005E-4042-897D-FA646E8E5CA7}.Ad-Hoc|ARM.Build.0 = Release|Any CPU
		{F2539A28-005E-4042-897D-FA646E8E5CA7}.Ad-Hoc|ARM.Deploy.0 = Release|Any CPU
		{F2539A28-005E-4042-897D-FA646E8E5CA7}.Ad-Hoc|iPhone.ActiveCfg = Release|Any CPU
		{F2539A28-005E-4042-897D-FA646E8E5CA7}.Ad-Hoc|iPhone.Build.0 = Release|Any CPU
		{F2539A28-005E-4042-897D-FA646E8E5CA7}.Ad-Hoc|iPhone.Deploy.0 = Release|Any CPU
		{F2539A28-005E-4042-897D-FA646E8E5CA7}.Ad-Hoc|iPhoneSimulator.ActiveCfg = Release|Any CPU
		{F2539A28-005E-4042-897D-FA646E8E5CA7}.Ad-Hoc|iPhoneSimulator.Build.0 = Release|Any CPU
		{F2539A28-005E-4042-897D-FA646E8E5CA7}.Ad-Hoc|iPhoneSimulator.Deploy.0 = Release|Any CPU
		{F2539A28-005E-4042-897D-FA646E8E5CA7}.Ad-Hoc|x64.ActiveCfg = Release|Any CPU
		{F2539A28-005E-4042-897D-FA646E8E5CA7}.Ad-Hoc|x64.Build.0 = Release|Any CPU
		{F2539A28-005E-4042-897D-FA646E8E5CA7}.Ad-Hoc|x64.Deploy.0 = Release|Any CPU
		{F2539A28-005E-4042-897D-FA646E8E5CA7}.Ad-Hoc|x86.ActiveCfg = Release|Any CPU
		{F2539A28-005E-4042-897D-FA646E8E5CA7}.Ad-Hoc|x86.Build.0 = Release|Any CPU
		{F2539A28-005E-4042-897D-FA646E8E5CA7}.Ad-Hoc|x86.Deploy.0 = Release|Any CPU
		{F2539A28-005E-4042-897D-FA646E8E5CA7}.AppStore|Any CPU.ActiveCfg = Release|Any CPU
		{F2539A28-005E-4042-897D-FA646E8E5CA7}.AppStore|Any CPU.Build.0 = Release|Any CPU
		{F2539A28-005E-4042-897D-FA646E8E5CA7}.AppStore|Any CPU.Deploy.0 = Release|Any CPU
		{F2539A28-005E-4042-897D-FA646E8E5CA7}.AppStore|ARM.ActiveCfg = Release|Any CPU
		{F2539A28-005E-4042-897D-FA646E8E5CA7}.AppStore|ARM.Build.0 = Release|Any CPU
		{F2539A28-005E-4042-897D-FA646E8E5CA7}.AppStore|ARM.Deploy.0 = Release|Any CPU
		{F2539A28-005E-4042-897D-FA646E8E5CA7}.AppStore|iPhone.ActiveCfg = Release|Any CPU
		{F2539A28-005E-4042-897D-FA646E8E5CA7}.AppStore|iPhone.Build.0 = Release|Any CPU
		{F2539A28-005E-4042-897D-FA646E8E5CA7}.AppStore|iPhone.Deploy.0 = Release|Any CPU
		{F2539A28-005E-4042-897D-FA646E8E5CA7}.AppStore|iPhoneSimulator.ActiveCfg = Release|Any CPU
		{F2539A28-005E-4042-897D-FA646E8E5CA7}.AppStore|iPhoneSimulator.Build.0 = Release|Any CPU
		{F2539A28-005E-4042-897D-FA646E8E5CA7}.AppStore|iPhoneSimulator.Deploy.0 = Release|Any CPU
		{F2539A28-005E-4042-897D-FA646E8E5CA7}.AppStore|x64.ActiveCfg = Release|Any CPU
		{F2539A28-005E-4042-897D-FA646E8E5CA7}.AppStore|x64.Build.0 = Release|Any CPU
		{F2539A28-005E-4042-897D-FA646E8E5CA7}.AppStore|x64.Deploy.0 = Release|Any CPU
		{F2539A28-005E-4042-897D-FA646E8E5CA7}.AppStore|x86.ActiveCfg = Release|Any CPU
		{F2539A28-005E-4042-897D-FA646E8E5CA7}.AppStore|x86.Build.0 = Release|Any CPU
		{F2539A28-005E-4042-897D-FA646E8E5CA7}.AppStore|x86.Deploy.0 = Release|Any CPU
		{F2539A28-005E-4042-897D-FA646E8E5CA7}.Debug|Any CPU.ActiveCfg = Debug|Any CPU
		{F2539A28-005E-4042-897D-FA646E8E5CA7}.Debug|Any CPU.Build.0 = Debug|Any CPU
		{F2539A28-005E-4042-897D-FA646E8E5CA7}.Debug|Any CPU.Deploy.0 = Debug|Any CPU
		{F2539A28-005E-4042-897D-FA646E8E5CA7}.Debug|ARM.ActiveCfg = Debug|Any CPU
		{F2539A28-005E-4042-897D-FA646E8E5CA7}.Debug|ARM.Build.0 = Debug|Any CPU
		{F2539A28-005E-4042-897D-FA646E8E5CA7}.Debug|ARM.Deploy.0 = Debug|Any CPU
		{F2539A28-005E-4042-897D-FA646E8E5CA7}.Debug|iPhone.ActiveCfg = Debug|Any CPU
		{F2539A28-005E-4042-897D-FA646E8E5CA7}.Debug|iPhone.Build.0 = Debug|Any CPU
		{F2539A28-005E-4042-897D-FA646E8E5CA7}.Debug|iPhone.Deploy.0 = Debug|Any CPU
		{F2539A28-005E-4042-897D-FA646E8E5CA7}.Debug|iPhoneSimulator.ActiveCfg = Debug|Any CPU
		{F2539A28-005E-4042-897D-FA646E8E5CA7}.Debug|iPhoneSimulator.Build.0 = Debug|Any CPU
		{F2539A28-005E-4042-897D-FA646E8E5CA7}.Debug|iPhoneSimulator.Deploy.0 = Debug|Any CPU
		{F2539A28-005E-4042-897D-FA646E8E5CA7}.Debug|x64.ActiveCfg = Debug|Any CPU
		{F2539A28-005E-4042-897D-FA646E8E5CA7}.Debug|x64.Build.0 = Debug|Any CPU
		{F2539A28-005E-4042-897D-FA646E8E5CA7}.Debug|x64.Deploy.0 = Debug|Any CPU
		{F2539A28-005E-4042-897D-FA646E8E5CA7}.Debug|x86.ActiveCfg = Debug|Any CPU
		{F2539A28-005E-4042-897D-FA646E8E5CA7}.Debug|x86.Build.0 = Debug|Any CPU
		{F2539A28-005E-4042-897D-FA646E8E5CA7}.Debug|x86.Deploy.0 = Debug|Any CPU
		{F2539A28-005E-4042-897D-FA646E8E5CA7}.Release|Any CPU.ActiveCfg = Release|Any CPU
		{F2539A28-005E-4042-897D-FA646E8E5CA7}.Release|Any CPU.Build.0 = Release|Any CPU
		{F2539A28-005E-4042-897D-FA646E8E5CA7}.Release|Any CPU.Deploy.0 = Release|Any CPU
		{F2539A28-005E-4042-897D-FA646E8E5CA7}.Release|ARM.ActiveCfg = Release|Any CPU
		{F2539A28-005E-4042-897D-FA646E8E5CA7}.Release|ARM.Build.0 = Release|Any CPU
		{F2539A28-005E-4042-897D-FA646E8E5CA7}.Release|ARM.Deploy.0 = Release|Any CPU
		{F2539A28-005E-4042-897D-FA646E8E5CA7}.Release|iPhone.ActiveCfg = Release|Any CPU
		{F2539A28-005E-4042-897D-FA646E8E5CA7}.Release|iPhone.Build.0 = Release|Any CPU
		{F2539A28-005E-4042-897D-FA646E8E5CA7}.Release|iPhone.Deploy.0 = Release|Any CPU
		{F2539A28-005E-4042-897D-FA646E8E5CA7}.Release|iPhoneSimulator.ActiveCfg = Release|Any CPU
		{F2539A28-005E-4042-897D-FA646E8E5CA7}.Release|iPhoneSimulator.Build.0 = Release|Any CPU
		{F2539A28-005E-4042-897D-FA646E8E5CA7}.Release|iPhoneSimulator.Deploy.0 = Release|Any CPU
		{F2539A28-005E-4042-897D-FA646E8E5CA7}.Release|x64.ActiveCfg = Release|Any CPU
		{F2539A28-005E-4042-897D-FA646E8E5CA7}.Release|x64.Build.0 = Release|Any CPU
		{F2539A28-005E-4042-897D-FA646E8E5CA7}.Release|x64.Deploy.0 = Release|Any CPU
		{F2539A28-005E-4042-897D-FA646E8E5CA7}.Release|x86.ActiveCfg = Release|Any CPU
		{F2539A28-005E-4042-897D-FA646E8E5CA7}.Release|x86.Build.0 = Release|Any CPU
		{F2539A28-005E-4042-897D-FA646E8E5CA7}.Release|x86.Deploy.0 = Release|Any CPU
		{E46519AF-ABBA-4411-91B3-6A3C1DD02E3F}.Ad-Hoc|Any CPU.ActiveCfg = Ad-Hoc|iPhone
		{E46519AF-ABBA-4411-91B3-6A3C1DD02E3F}.Ad-Hoc|Any CPU.Build.0 = Ad-Hoc|iPhone
		{E46519AF-ABBA-4411-91B3-6A3C1DD02E3F}.Ad-Hoc|Any CPU.Deploy.0 = Ad-Hoc|iPhone
		{E46519AF-ABBA-4411-91B3-6A3C1DD02E3F}.Ad-Hoc|ARM.ActiveCfg = Ad-Hoc|iPhone
		{E46519AF-ABBA-4411-91B3-6A3C1DD02E3F}.Ad-Hoc|ARM.Build.0 = Ad-Hoc|iPhone
		{E46519AF-ABBA-4411-91B3-6A3C1DD02E3F}.Ad-Hoc|ARM.Deploy.0 = Ad-Hoc|iPhone
		{E46519AF-ABBA-4411-91B3-6A3C1DD02E3F}.Ad-Hoc|iPhone.ActiveCfg = Ad-Hoc|iPhone
		{E46519AF-ABBA-4411-91B3-6A3C1DD02E3F}.Ad-Hoc|iPhone.Build.0 = Ad-Hoc|iPhone
		{E46519AF-ABBA-4411-91B3-6A3C1DD02E3F}.Ad-Hoc|iPhone.Deploy.0 = Ad-Hoc|iPhone
		{E46519AF-ABBA-4411-91B3-6A3C1DD02E3F}.Ad-Hoc|iPhoneSimulator.ActiveCfg = Ad-Hoc|iPhoneSimulator
		{E46519AF-ABBA-4411-91B3-6A3C1DD02E3F}.Ad-Hoc|iPhoneSimulator.Build.0 = Ad-Hoc|iPhoneSimulator
		{E46519AF-ABBA-4411-91B3-6A3C1DD02E3F}.Ad-Hoc|iPhoneSimulator.Deploy.0 = Ad-Hoc|iPhoneSimulator
		{E46519AF-ABBA-4411-91B3-6A3C1DD02E3F}.Ad-Hoc|x64.ActiveCfg = Ad-Hoc|iPhone
		{E46519AF-ABBA-4411-91B3-6A3C1DD02E3F}.Ad-Hoc|x64.Build.0 = Ad-Hoc|iPhone
		{E46519AF-ABBA-4411-91B3-6A3C1DD02E3F}.Ad-Hoc|x64.Deploy.0 = Ad-Hoc|iPhone
		{E46519AF-ABBA-4411-91B3-6A3C1DD02E3F}.Ad-Hoc|x86.ActiveCfg = Ad-Hoc|iPhone
		{E46519AF-ABBA-4411-91B3-6A3C1DD02E3F}.Ad-Hoc|x86.Build.0 = Ad-Hoc|iPhone
		{E46519AF-ABBA-4411-91B3-6A3C1DD02E3F}.Ad-Hoc|x86.Deploy.0 = Ad-Hoc|iPhone
		{E46519AF-ABBA-4411-91B3-6A3C1DD02E3F}.AppStore|Any CPU.ActiveCfg = AppStore|iPhone
		{E46519AF-ABBA-4411-91B3-6A3C1DD02E3F}.AppStore|Any CPU.Build.0 = AppStore|iPhone
		{E46519AF-ABBA-4411-91B3-6A3C1DD02E3F}.AppStore|Any CPU.Deploy.0 = AppStore|iPhone
		{E46519AF-ABBA-4411-91B3-6A3C1DD02E3F}.AppStore|ARM.ActiveCfg = AppStore|iPhone
		{E46519AF-ABBA-4411-91B3-6A3C1DD02E3F}.AppStore|ARM.Build.0 = AppStore|iPhone
		{E46519AF-ABBA-4411-91B3-6A3C1DD02E3F}.AppStore|ARM.Deploy.0 = AppStore|iPhone
		{E46519AF-ABBA-4411-91B3-6A3C1DD02E3F}.AppStore|iPhone.ActiveCfg = AppStore|iPhone
		{E46519AF-ABBA-4411-91B3-6A3C1DD02E3F}.AppStore|iPhone.Build.0 = AppStore|iPhone
		{E46519AF-ABBA-4411-91B3-6A3C1DD02E3F}.AppStore|iPhone.Deploy.0 = AppStore|iPhone
		{E46519AF-ABBA-4411-91B3-6A3C1DD02E3F}.AppStore|iPhoneSimulator.ActiveCfg = AppStore|iPhoneSimulator
		{E46519AF-ABBA-4411-91B3-6A3C1DD02E3F}.AppStore|iPhoneSimulator.Build.0 = AppStore|iPhoneSimulator
		{E46519AF-ABBA-4411-91B3-6A3C1DD02E3F}.AppStore|iPhoneSimulator.Deploy.0 = AppStore|iPhoneSimulator
		{E46519AF-ABBA-4411-91B3-6A3C1DD02E3F}.AppStore|x64.ActiveCfg = AppStore|iPhone
		{E46519AF-ABBA-4411-91B3-6A3C1DD02E3F}.AppStore|x64.Build.0 = AppStore|iPhone
		{E46519AF-ABBA-4411-91B3-6A3C1DD02E3F}.AppStore|x64.Deploy.0 = AppStore|iPhone
		{E46519AF-ABBA-4411-91B3-6A3C1DD02E3F}.AppStore|x86.ActiveCfg = AppStore|iPhone
		{E46519AF-ABBA-4411-91B3-6A3C1DD02E3F}.AppStore|x86.Build.0 = AppStore|iPhone
		{E46519AF-ABBA-4411-91B3-6A3C1DD02E3F}.AppStore|x86.Deploy.0 = AppStore|iPhone
		{E46519AF-ABBA-4411-91B3-6A3C1DD02E3F}.Debug|Any CPU.ActiveCfg = Debug|iPhoneSimulator
		{E46519AF-ABBA-4411-91B3-6A3C1DD02E3F}.Debug|Any CPU.Build.0 = Debug|iPhoneSimulator
		{E46519AF-ABBA-4411-91B3-6A3C1DD02E3F}.Debug|Any CPU.Deploy.0 = Debug|iPhoneSimulator
		{E46519AF-ABBA-4411-91B3-6A3C1DD02E3F}.Debug|ARM.ActiveCfg = Debug|iPhone
		{E46519AF-ABBA-4411-91B3-6A3C1DD02E3F}.Debug|ARM.Build.0 = Debug|iPhone
		{E46519AF-ABBA-4411-91B3-6A3C1DD02E3F}.Debug|ARM.Deploy.0 = Debug|iPhone
		{E46519AF-ABBA-4411-91B3-6A3C1DD02E3F}.Debug|iPhone.ActiveCfg = Debug|iPhone
		{E46519AF-ABBA-4411-91B3-6A3C1DD02E3F}.Debug|iPhone.Build.0 = Debug|iPhone
		{E46519AF-ABBA-4411-91B3-6A3C1DD02E3F}.Debug|iPhone.Deploy.0 = Debug|iPhone
		{E46519AF-ABBA-4411-91B3-6A3C1DD02E3F}.Debug|iPhoneSimulator.ActiveCfg = Debug|iPhoneSimulator
		{E46519AF-ABBA-4411-91B3-6A3C1DD02E3F}.Debug|iPhoneSimulator.Build.0 = Debug|iPhoneSimulator
		{E46519AF-ABBA-4411-91B3-6A3C1DD02E3F}.Debug|iPhoneSimulator.Deploy.0 = Debug|iPhoneSimulator
		{E46519AF-ABBA-4411-91B3-6A3C1DD02E3F}.Debug|x64.ActiveCfg = Debug|iPhone
		{E46519AF-ABBA-4411-91B3-6A3C1DD02E3F}.Debug|x64.Build.0 = Debug|iPhone
		{E46519AF-ABBA-4411-91B3-6A3C1DD02E3F}.Debug|x64.Deploy.0 = Debug|iPhone
		{E46519AF-ABBA-4411-91B3-6A3C1DD02E3F}.Debug|x86.ActiveCfg = Debug|iPhone
		{E46519AF-ABBA-4411-91B3-6A3C1DD02E3F}.Debug|x86.Build.0 = Debug|iPhone
		{E46519AF-ABBA-4411-91B3-6A3C1DD02E3F}.Debug|x86.Deploy.0 = Debug|iPhone
		{E46519AF-ABBA-4411-91B3-6A3C1DD02E3F}.Release|Any CPU.ActiveCfg = Release|iPhone
		{E46519AF-ABBA-4411-91B3-6A3C1DD02E3F}.Release|Any CPU.Build.0 = Release|iPhone
		{E46519AF-ABBA-4411-91B3-6A3C1DD02E3F}.Release|Any CPU.Deploy.0 = Release|iPhone
		{E46519AF-ABBA-4411-91B3-6A3C1DD02E3F}.Release|ARM.ActiveCfg = Release|iPhone
		{E46519AF-ABBA-4411-91B3-6A3C1DD02E3F}.Release|ARM.Build.0 = Release|iPhone
		{E46519AF-ABBA-4411-91B3-6A3C1DD02E3F}.Release|ARM.Deploy.0 = Release|iPhone
		{E46519AF-ABBA-4411-91B3-6A3C1DD02E3F}.Release|iPhone.ActiveCfg = Release|iPhone
		{E46519AF-ABBA-4411-91B3-6A3C1DD02E3F}.Release|iPhone.Build.0 = Release|iPhone
		{E46519AF-ABBA-4411-91B3-6A3C1DD02E3F}.Release|iPhone.Deploy.0 = Release|iPhone
		{E46519AF-ABBA-4411-91B3-6A3C1DD02E3F}.Release|iPhoneSimulator.ActiveCfg = Release|iPhoneSimulator
		{E46519AF-ABBA-4411-91B3-6A3C1DD02E3F}.Release|iPhoneSimulator.Build.0 = Release|iPhoneSimulator
		{E46519AF-ABBA-4411-91B3-6A3C1DD02E3F}.Release|iPhoneSimulator.Deploy.0 = Release|iPhoneSimulator
		{E46519AF-ABBA-4411-91B3-6A3C1DD02E3F}.Release|x64.ActiveCfg = Release|iPhone
		{E46519AF-ABBA-4411-91B3-6A3C1DD02E3F}.Release|x64.Build.0 = Release|iPhone
		{E46519AF-ABBA-4411-91B3-6A3C1DD02E3F}.Release|x64.Deploy.0 = Release|iPhone
		{E46519AF-ABBA-4411-91B3-6A3C1DD02E3F}.Release|x86.ActiveCfg = Release|iPhone
		{E46519AF-ABBA-4411-91B3-6A3C1DD02E3F}.Release|x86.Build.0 = Release|iPhone
		{E46519AF-ABBA-4411-91B3-6A3C1DD02E3F}.Release|x86.Deploy.0 = Release|iPhone
		{66C8DA41-2DCC-4CDB-AA32-836DCA60F7A4}.Ad-Hoc|Any CPU.ActiveCfg = Release|x86
		{66C8DA41-2DCC-4CDB-AA32-836DCA60F7A4}.Ad-Hoc|Any CPU.Build.0 = Release|x86
		{66C8DA41-2DCC-4CDB-AA32-836DCA60F7A4}.Ad-Hoc|Any CPU.Deploy.0 = Release|x86
		{66C8DA41-2DCC-4CDB-AA32-836DCA60F7A4}.Ad-Hoc|ARM.ActiveCfg = Release|ARM
		{66C8DA41-2DCC-4CDB-AA32-836DCA60F7A4}.Ad-Hoc|ARM.Build.0 = Release|ARM
		{66C8DA41-2DCC-4CDB-AA32-836DCA60F7A4}.Ad-Hoc|ARM.Deploy.0 = Release|ARM
		{66C8DA41-2DCC-4CDB-AA32-836DCA60F7A4}.Ad-Hoc|iPhone.ActiveCfg = Release|x86
		{66C8DA41-2DCC-4CDB-AA32-836DCA60F7A4}.Ad-Hoc|iPhone.Build.0 = Release|x86
		{66C8DA41-2DCC-4CDB-AA32-836DCA60F7A4}.Ad-Hoc|iPhone.Deploy.0 = Release|x86
		{66C8DA41-2DCC-4CDB-AA32-836DCA60F7A4}.Ad-Hoc|iPhoneSimulator.ActiveCfg = Release|x86
		{66C8DA41-2DCC-4CDB-AA32-836DCA60F7A4}.Ad-Hoc|iPhoneSimulator.Build.0 = Release|x86
		{66C8DA41-2DCC-4CDB-AA32-836DCA60F7A4}.Ad-Hoc|iPhoneSimulator.Deploy.0 = Release|x86
		{66C8DA41-2DCC-4CDB-AA32-836DCA60F7A4}.Ad-Hoc|x64.ActiveCfg = Release|x64
		{66C8DA41-2DCC-4CDB-AA32-836DCA60F7A4}.Ad-Hoc|x64.Build.0 = Release|x64
		{66C8DA41-2DCC-4CDB-AA32-836DCA60F7A4}.Ad-Hoc|x64.Deploy.0 = Release|x64
		{66C8DA41-2DCC-4CDB-AA32-836DCA60F7A4}.Ad-Hoc|x86.ActiveCfg = Release|x86
		{66C8DA41-2DCC-4CDB-AA32-836DCA60F7A4}.Ad-Hoc|x86.Build.0 = Release|x86
		{66C8DA41-2DCC-4CDB-AA32-836DCA60F7A4}.Ad-Hoc|x86.Deploy.0 = Release|x86
		{66C8DA41-2DCC-4CDB-AA32-836DCA60F7A4}.AppStore|Any CPU.ActiveCfg = Release|x86
		{66C8DA41-2DCC-4CDB-AA32-836DCA60F7A4}.AppStore|Any CPU.Build.0 = Release|x86
		{66C8DA41-2DCC-4CDB-AA32-836DCA60F7A4}.AppStore|Any CPU.Deploy.0 = Release|x86
		{66C8DA41-2DCC-4CDB-AA32-836DCA60F7A4}.AppStore|ARM.ActiveCfg = Release|ARM
		{66C8DA41-2DCC-4CDB-AA32-836DCA60F7A4}.AppStore|ARM.Build.0 = Release|ARM
		{66C8DA41-2DCC-4CDB-AA32-836DCA60F7A4}.AppStore|ARM.Deploy.0 = Release|ARM
		{66C8DA41-2DCC-4CDB-AA32-836DCA60F7A4}.AppStore|iPhone.ActiveCfg = Release|x86
		{66C8DA41-2DCC-4CDB-AA32-836DCA60F7A4}.AppStore|iPhone.Build.0 = Release|x86
		{66C8DA41-2DCC-4CDB-AA32-836DCA60F7A4}.AppStore|iPhone.Deploy.0 = Release|x86
		{66C8DA41-2DCC-4CDB-AA32-836DCA60F7A4}.AppStore|iPhoneSimulator.ActiveCfg = Release|x86
		{66C8DA41-2DCC-4CDB-AA32-836DCA60F7A4}.AppStore|iPhoneSimulator.Build.0 = Release|x86
		{66C8DA41-2DCC-4CDB-AA32-836DCA60F7A4}.AppStore|iPhoneSimulator.Deploy.0 = Release|x86
		{66C8DA41-2DCC-4CDB-AA32-836DCA60F7A4}.AppStore|x64.ActiveCfg = Release|x64
		{66C8DA41-2DCC-4CDB-AA32-836DCA60F7A4}.AppStore|x64.Build.0 = Release|x64
		{66C8DA41-2DCC-4CDB-AA32-836DCA60F7A4}.AppStore|x64.Deploy.0 = Release|x64
		{66C8DA41-2DCC-4CDB-AA32-836DCA60F7A4}.AppStore|x86.ActiveCfg = Release|x86
		{66C8DA41-2DCC-4CDB-AA32-836DCA60F7A4}.AppStore|x86.Build.0 = Release|x86
		{66C8DA41-2DCC-4CDB-AA32-836DCA60F7A4}.AppStore|x86.Deploy.0 = Release|x86
		{66C8DA41-2DCC-4CDB-AA32-836DCA60F7A4}.Debug|Any CPU.ActiveCfg = Debug|x86
		{66C8DA41-2DCC-4CDB-AA32-836DCA60F7A4}.Debug|Any CPU.Build.0 = Debug|x86
		{66C8DA41-2DCC-4CDB-AA32-836DCA60F7A4}.Debug|Any CPU.Deploy.0 = Debug|x86
		{66C8DA41-2DCC-4CDB-AA32-836DCA60F7A4}.Debug|ARM.ActiveCfg = Debug|ARM
		{66C8DA41-2DCC-4CDB-AA32-836DCA60F7A4}.Debug|ARM.Build.0 = Debug|ARM
		{66C8DA41-2DCC-4CDB-AA32-836DCA60F7A4}.Debug|ARM.Deploy.0 = Debug|ARM
		{66C8DA41-2DCC-4CDB-AA32-836DCA60F7A4}.Debug|iPhone.ActiveCfg = Debug|x86
		{66C8DA41-2DCC-4CDB-AA32-836DCA60F7A4}.Debug|iPhone.Build.0 = Debug|x86
		{66C8DA41-2DCC-4CDB-AA32-836DCA60F7A4}.Debug|iPhone.Deploy.0 = Debug|x86
		{66C8DA41-2DCC-4CDB-AA32-836DCA60F7A4}.Debug|iPhoneSimulator.ActiveCfg = Debug|x86
		{66C8DA41-2DCC-4CDB-AA32-836DCA60F7A4}.Debug|iPhoneSimulator.Build.0 = Debug|x86
		{66C8DA41-2DCC-4CDB-AA32-836DCA60F7A4}.Debug|iPhoneSimulator.Deploy.0 = Debug|x86
		{66C8DA41-2DCC-4CDB-AA32-836DCA60F7A4}.Debug|x64.ActiveCfg = Debug|x64
		{66C8DA41-2DCC-4CDB-AA32-836DCA60F7A4}.Debug|x64.Build.0 = Debug|x64
		{66C8DA41-2DCC-4CDB-AA32-836DCA60F7A4}.Debug|x64.Deploy.0 = Debug|x64
		{66C8DA41-2DCC-4CDB-AA32-836DCA60F7A4}.Debug|x86.ActiveCfg = Debug|x86
		{66C8DA41-2DCC-4CDB-AA32-836DCA60F7A4}.Debug|x86.Build.0 = Debug|x86
		{66C8DA41-2DCC-4CDB-AA32-836DCA60F7A4}.Debug|x86.Deploy.0 = Debug|x86
		{66C8DA41-2DCC-4CDB-AA32-836DCA60F7A4}.Release|Any CPU.ActiveCfg = Release|x86
		{66C8DA41-2DCC-4CDB-AA32-836DCA60F7A4}.Release|Any CPU.Build.0 = Release|x86
		{66C8DA41-2DCC-4CDB-AA32-836DCA60F7A4}.Release|Any CPU.Deploy.0 = Release|x86
		{66C8DA41-2DCC-4CDB-AA32-836DCA60F7A4}.Release|ARM.ActiveCfg = Release|ARM
		{66C8DA41-2DCC-4CDB-AA32-836DCA60F7A4}.Release|ARM.Build.0 = Release|ARM
		{66C8DA41-2DCC-4CDB-AA32-836DCA60F7A4}.Release|ARM.Deploy.0 = Release|ARM
		{66C8DA41-2DCC-4CDB-AA32-836DCA60F7A4}.Release|iPhone.ActiveCfg = Release|x86
		{66C8DA41-2DCC-4CDB-AA32-836DCA60F7A4}.Release|iPhone.Build.0 = Release|x86
		{66C8DA41-2DCC-4CDB-AA32-836DCA60F7A4}.Release|iPhone.Deploy.0 = Release|x86
		{66C8DA41-2DCC-4CDB-AA32-836DCA60F7A4}.Release|iPhoneSimulator.ActiveCfg = Release|x86
		{66C8DA41-2DCC-4CDB-AA32-836DCA60F7A4}.Release|iPhoneSimulator.Build.0 = Release|x86
		{66C8DA41-2DCC-4CDB-AA32-836DCA60F7A4}.Release|iPhoneSimulator.Deploy.0 = Release|x86
		{66C8DA41-2DCC-4CDB-AA32-836DCA60F7A4}.Release|x64.ActiveCfg = Release|x64
		{66C8DA41-2DCC-4CDB-AA32-836DCA60F7A4}.Release|x64.Build.0 = Release|x64
		{66C8DA41-2DCC-4CDB-AA32-836DCA60F7A4}.Release|x64.Deploy.0 = Release|x64
		{66C8DA41-2DCC-4CDB-AA32-836DCA60F7A4}.Release|x86.ActiveCfg = Release|x86
		{66C8DA41-2DCC-4CDB-AA32-836DCA60F7A4}.Release|x86.Build.0 = Release|x86
		{66C8DA41-2DCC-4CDB-AA32-836DCA60F7A4}.Release|x86.Deploy.0 = Release|x86
		{4140003B-AEDE-466B-BB4D-429769DE3C62}.Ad-Hoc|Any CPU.ActiveCfg = Debug|Any CPU
		{4140003B-AEDE-466B-BB4D-429769DE3C62}.Ad-Hoc|Any CPU.Build.0 = Debug|Any CPU
		{4140003B-AEDE-466B-BB4D-429769DE3C62}.Ad-Hoc|Any CPU.Deploy.0 = Debug|Any CPU
		{4140003B-AEDE-466B-BB4D-429769DE3C62}.Ad-Hoc|ARM.ActiveCfg = Debug|Any CPU
		{4140003B-AEDE-466B-BB4D-429769DE3C62}.Ad-Hoc|ARM.Build.0 = Debug|Any CPU
		{4140003B-AEDE-466B-BB4D-429769DE3C62}.Ad-Hoc|ARM.Deploy.0 = Debug|Any CPU
		{4140003B-AEDE-466B-BB4D-429769DE3C62}.Ad-Hoc|iPhone.ActiveCfg = Debug|Any CPU
		{4140003B-AEDE-466B-BB4D-429769DE3C62}.Ad-Hoc|iPhone.Build.0 = Debug|Any CPU
		{4140003B-AEDE-466B-BB4D-429769DE3C62}.Ad-Hoc|iPhone.Deploy.0 = Debug|Any CPU
		{4140003B-AEDE-466B-BB4D-429769DE3C62}.Ad-Hoc|iPhoneSimulator.ActiveCfg = Debug|Any CPU
		{4140003B-AEDE-466B-BB4D-429769DE3C62}.Ad-Hoc|iPhoneSimulator.Build.0 = Debug|Any CPU
		{4140003B-AEDE-466B-BB4D-429769DE3C62}.Ad-Hoc|iPhoneSimulator.Deploy.0 = Debug|Any CPU
		{4140003B-AEDE-466B-BB4D-429769DE3C62}.Ad-Hoc|x64.ActiveCfg = Debug|Any CPU
		{4140003B-AEDE-466B-BB4D-429769DE3C62}.Ad-Hoc|x64.Build.0 = Debug|Any CPU
		{4140003B-AEDE-466B-BB4D-429769DE3C62}.Ad-Hoc|x64.Deploy.0 = Debug|Any CPU
		{4140003B-AEDE-466B-BB4D-429769DE3C62}.Ad-Hoc|x86.ActiveCfg = Debug|Any CPU
		{4140003B-AEDE-466B-BB4D-429769DE3C62}.Ad-Hoc|x86.Build.0 = Debug|Any CPU
		{4140003B-AEDE-466B-BB4D-429769DE3C62}.Ad-Hoc|x86.Deploy.0 = Debug|Any CPU
		{4140003B-AEDE-466B-BB4D-429769DE3C62}.AppStore|Any CPU.ActiveCfg = Debug|Any CPU
		{4140003B-AEDE-466B-BB4D-429769DE3C62}.AppStore|Any CPU.Build.0 = Debug|Any CPU
		{4140003B-AEDE-466B-BB4D-429769DE3C62}.AppStore|Any CPU.Deploy.0 = Debug|Any CPU
		{4140003B-AEDE-466B-BB4D-429769DE3C62}.AppStore|ARM.ActiveCfg = Debug|Any CPU
		{4140003B-AEDE-466B-BB4D-429769DE3C62}.AppStore|ARM.Build.0 = Debug|Any CPU
		{4140003B-AEDE-466B-BB4D-429769DE3C62}.AppStore|ARM.Deploy.0 = Debug|Any CPU
		{4140003B-AEDE-466B-BB4D-429769DE3C62}.AppStore|iPhone.ActiveCfg = Debug|Any CPU
		{4140003B-AEDE-466B-BB4D-429769DE3C62}.AppStore|iPhone.Build.0 = Debug|Any CPU
		{4140003B-AEDE-466B-BB4D-429769DE3C62}.AppStore|iPhone.Deploy.0 = Debug|Any CPU
		{4140003B-AEDE-466B-BB4D-429769DE3C62}.AppStore|iPhoneSimulator.ActiveCfg = Debug|Any CPU
		{4140003B-AEDE-466B-BB4D-429769DE3C62}.AppStore|iPhoneSimulator.Build.0 = Debug|Any CPU
		{4140003B-AEDE-466B-BB4D-429769DE3C62}.AppStore|iPhoneSimulator.Deploy.0 = Debug|Any CPU
		{4140003B-AEDE-466B-BB4D-429769DE3C62}.AppStore|x64.ActiveCfg = Debug|Any CPU
		{4140003B-AEDE-466B-BB4D-429769DE3C62}.AppStore|x64.Build.0 = Debug|Any CPU
		{4140003B-AEDE-466B-BB4D-429769DE3C62}.AppStore|x64.Deploy.0 = Debug|Any CPU
		{4140003B-AEDE-466B-BB4D-429769DE3C62}.AppStore|x86.ActiveCfg = Debug|Any CPU
		{4140003B-AEDE-466B-BB4D-429769DE3C62}.AppStore|x86.Build.0 = Debug|Any CPU
		{4140003B-AEDE-466B-BB4D-429769DE3C62}.AppStore|x86.Deploy.0 = Debug|Any CPU
		{4140003B-AEDE-466B-BB4D-429769DE3C62}.Debug|Any CPU.ActiveCfg = Debug|Any CPU
		{4140003B-AEDE-466B-BB4D-429769DE3C62}.Debug|Any CPU.Build.0 = Debug|Any CPU
		{4140003B-AEDE-466B-BB4D-429769DE3C62}.Debug|Any CPU.Deploy.0 = Debug|Any CPU
		{4140003B-AEDE-466B-BB4D-429769DE3C62}.Debug|ARM.ActiveCfg = Debug|Any CPU
		{4140003B-AEDE-466B-BB4D-429769DE3C62}.Debug|ARM.Build.0 = Debug|Any CPU
		{4140003B-AEDE-466B-BB4D-429769DE3C62}.Debug|ARM.Deploy.0 = Debug|Any CPU
		{4140003B-AEDE-466B-BB4D-429769DE3C62}.Debug|iPhone.ActiveCfg = Debug|Any CPU
		{4140003B-AEDE-466B-BB4D-429769DE3C62}.Debug|iPhone.Build.0 = Debug|Any CPU
		{4140003B-AEDE-466B-BB4D-429769DE3C62}.Debug|iPhone.Deploy.0 = Debug|Any CPU
		{4140003B-AEDE-466B-BB4D-429769DE3C62}.Debug|iPhoneSimulator.ActiveCfg = Debug|Any CPU
		{4140003B-AEDE-466B-BB4D-429769DE3C62}.Debug|iPhoneSimulator.Build.0 = Debug|Any CPU
		{4140003B-AEDE-466B-BB4D-429769DE3C62}.Debug|iPhoneSimulator.Deploy.0 = Debug|Any CPU
		{4140003B-AEDE-466B-BB4D-429769DE3C62}.Debug|x64.ActiveCfg = Debug|Any CPU
		{4140003B-AEDE-466B-BB4D-429769DE3C62}.Debug|x64.Build.0 = Debug|Any CPU
		{4140003B-AEDE-466B-BB4D-429769DE3C62}.Debug|x64.Deploy.0 = Debug|Any CPU
		{4140003B-AEDE-466B-BB4D-429769DE3C62}.Debug|x86.ActiveCfg = Debug|Any CPU
		{4140003B-AEDE-466B-BB4D-429769DE3C62}.Debug|x86.Build.0 = Debug|Any CPU
		{4140003B-AEDE-466B-BB4D-429769DE3C62}.Debug|x86.Deploy.0 = Debug|Any CPU
		{4140003B-AEDE-466B-BB4D-429769DE3C62}.Release|Any CPU.ActiveCfg = Release|Any CPU
		{4140003B-AEDE-466B-BB4D-429769DE3C62}.Release|Any CPU.Build.0 = Release|Any CPU
		{4140003B-AEDE-466B-BB4D-429769DE3C62}.Release|Any CPU.Deploy.0 = Release|Any CPU
		{4140003B-AEDE-466B-BB4D-429769DE3C62}.Release|ARM.ActiveCfg = Release|Any CPU
		{4140003B-AEDE-466B-BB4D-429769DE3C62}.Release|ARM.Build.0 = Release|Any CPU
		{4140003B-AEDE-466B-BB4D-429769DE3C62}.Release|ARM.Deploy.0 = Release|Any CPU
		{4140003B-AEDE-466B-BB4D-429769DE3C62}.Release|iPhone.ActiveCfg = Release|Any CPU
		{4140003B-AEDE-466B-BB4D-429769DE3C62}.Release|iPhone.Build.0 = Release|Any CPU
		{4140003B-AEDE-466B-BB4D-429769DE3C62}.Release|iPhone.Deploy.0 = Release|Any CPU
		{4140003B-AEDE-466B-BB4D-429769DE3C62}.Release|iPhoneSimulator.ActiveCfg = Release|Any CPU
		{4140003B-AEDE-466B-BB4D-429769DE3C62}.Release|iPhoneSimulator.Build.0 = Release|Any CPU
		{4140003B-AEDE-466B-BB4D-429769DE3C62}.Release|iPhoneSimulator.Deploy.0 = Release|Any CPU
		{4140003B-AEDE-466B-BB4D-429769DE3C62}.Release|x64.ActiveCfg = Release|Any CPU
		{4140003B-AEDE-466B-BB4D-429769DE3C62}.Release|x64.Build.0 = Release|Any CPU
		{4140003B-AEDE-466B-BB4D-429769DE3C62}.Release|x64.Deploy.0 = Release|Any CPU
		{4140003B-AEDE-466B-BB4D-429769DE3C62}.Release|x86.ActiveCfg = Release|Any CPU
		{4140003B-AEDE-466B-BB4D-429769DE3C62}.Release|x86.Build.0 = Release|Any CPU
		{4140003B-AEDE-466B-BB4D-429769DE3C62}.Release|x86.Deploy.0 = Release|Any CPU
	EndGlobalSection
	GlobalSection(SolutionProperties) = preSolution
		HideSolutionNode = FALSE
	EndGlobalSection
	GlobalSection(ExtensibilityGlobals) = postSolution
		SolutionGuid = {47C25803-8E4A-47D2-9129-263956521398}
	EndGlobalSection
EndGlobal
